
Microsoft Visual Studio Solution File, Format Version 12.00
# Visual Studio Version 17
VisualStudioVersion = 17.1.32407.343
MinimumVisualStudioVersion = 10.0.40219.1
Project("{9A19103F-16F7-4668-BE54-9A1E7A4F7556}") = "LicenseManagerClient.Lib", "LicenseManager\LicenseManagerClient.Lib.csproj", "{6E01BC87-BB57-4080-A070-9EC12B456A5B}"
EndProject
Project("{FAE04EC0-301F-11D3-BF4B-00C04F79EFBC}") = "LicenseManagerClient.Example.Console", "LicenseManagerClient.Example.Console\LicenseManagerClient.Example.Console.csproj", "{D16D2B6B-E75D-46E7-BBEB-323ECEC29716}"
EndProject
Global
	GlobalSection(SolutionConfigurationPlatforms) = preSolution
		Debug|Any CPU = Debug|Any CPU
		Release|Any CPU = Release|Any CPU
	EndGlobalSection
	GlobalSection(ProjectConfigurationPlatforms) = postSolution
		{6E01BC87-BB57-4080-A070-9EC12B456A5B}.Debug|Any CPU.ActiveCfg = Debug|Any CPU
		{6E01BC87-BB57-4080-A070-9EC12B456A5B}.Debug|Any CPU.Build.0 = Debug|Any CPU
		{6E01BC87-BB57-4080-A070-9EC12B456A5B}.Release|Any CPU.ActiveCfg = Release|Any CPU
		{6E01BC87-BB57-4080-A070-9EC12B456A5B}.Release|Any CPU.Build.0 = Release|Any CPU
		{D16D2B6B-E75D-46E7-BBEB-323ECEC29716}.Debug|Any CPU.ActiveCfg = Debug|Any CPU
		{D16D2B6B-E75D-46E7-BBEB-323ECEC29716}.Debug|Any CPU.Build.0 = Debug|Any CPU
		{D16D2B6B-E75D-46E7-BBEB-323ECEC29716}.Release|Any CPU.ActiveCfg = Release|Any CPU
		{D16D2B6B-E75D-46E7-BBEB-323ECEC29716}.Release|Any CPU.Build.0 = Release|Any CPU
	EndGlobalSection
	GlobalSection(SolutionProperties) = preSolution
		HideSolutionNode = FALSE
	EndGlobalSection
	GlobalSection(ExtensibilityGlobals) = postSolution
		SolutionGuid = {6F6B55ED-7176-4C36-A71D-8EF435758839}
	EndGlobalSection
EndGlobal
