
Microsoft Visual Studio Solution File, Format Version 12.00
# Visual Studio 15
VisualStudioVersion = 15.0.28307.902
MinimumVisualStudioVersion = 10.0.40219.1
Project("{FAE04EC0-301F-11D3-BF4B-00C04F79EFBC}") = "LicenseManager", "LicenseManager\LicenseManager.csproj", "{6E01BC87-BB57-4080-A070-9EC12B456A5B}"
EndProject
Global
	GlobalSection(SolutionConfigurationPlatforms) = preSolution
		Debug|Any CPU = Debug|Any CPU
		Release|Any CPU = Release|Any CPU
	EndGlobalSection
	GlobalSection(ProjectConfigurationPlatforms) = postSolution
		{6E01BC87-BB57-4080-A070-9EC12B456A5B}.Debug|Any CPU.ActiveCfg = Debug|Any CPU
		{6E01BC87-BB57-4080-A070-9EC12B456A5B}.Debug|Any CPU.Build.0 = Debug|Any CPU
		{6E01BC87-BB57-4080-A070-9EC12B456A5B}.Release|Any CPU.ActiveCfg = Release|Any CPU
		{6E01BC87-BB57-4080-A070-9EC12B456A5B}.Release|Any CPU.Build.0 = Release|Any CPU
	EndGlobalSection
	GlobalSection(SolutionProperties) = preSolution
		HideSolutionNode = FALSE
	EndGlobalSection
	GlobalSection(ExtensibilityGlobals) = postSolution
		SolutionGuid = {6F6B55ED-7176-4C36-A71D-8EF435758839}
	EndGlobalSection
EndGlobal
